
Microsoft Visual Studio Solution File, Format Version 12.00
# Visual Studio Version 17
VisualStudioVersion = 17.9.34728.123
MinimumVisualStudioVersion = 10.0.40219.1
Project("{FAE04EC0-301F-11D3-BF4B-00C04F79EFBC}") = "nut", "nut\nut.csproj", "{799DF7A7-6005-4925-B110-630DBF61A625}"
EndProject
Global
	GlobalSection(SolutionConfigurationPlatforms) = preSolution
		Debug|Any CPU = Debug|Any CPU
		Release|Any CPU = Release|Any CPU
	EndGlobalSection
	GlobalSection(ProjectConfigurationPlatforms) = postSolution
		{799DF7A7-6005-4925-B110-630DBF61A625}.Debug|Any CPU.ActiveCfg = Debug|Any CPU
		{799DF7A7-6005-4925-B110-630DBF61A625}.Debug|Any CPU.Build.0 = Debug|Any CPU
		{799DF7A7-6005-4925-B110-630DBF61A625}.Release|Any CPU.ActiveCfg = Release|Any CPU
		{799DF7A7-6005-4925-B110-630DBF61A625}.Release|Any CPU.Build.0 = Release|Any CPU
	EndGlobalSection
	GlobalSection(SolutionProperties) = preSolution
		HideSolutionNode = FALSE
	EndGlobalSection
	GlobalSection(ExtensibilityGlobals) = postSolution
		SolutionGuid = {F3EC1CB7-884D-4CC6-8DA7-633D10CEBA77}
	EndGlobalSection
EndGlobal
