
Microsoft Visual Studio Solution File, Format Version 12.00
# Visual Studio Version 16
VisualStudioVersion = 16.0.32228.343
MinimumVisualStudioVersion = 10.0.40219.1
Project("{FAE04EC0-301F-11D3-BF4B-00C04F79EFBC}") = "WindowsFormsApp25", "WindowsFormsApp25\WindowsFormsApp25.csproj", "{4FB170CB-0258-456D-ADBD-491242251D5D}"
EndProject
Global
	GlobalSection(SolutionConfigurationPlatforms) = preSolution
		Debug|Any CPU = Debug|Any CPU
		Release|Any CPU = Release|Any CPU
	EndGlobalSection
	GlobalSection(ProjectConfigurationPlatforms) = postSolution
		{4FB170CB-0258-456D-ADBD-491242251D5D}.Debug|Any CPU.ActiveCfg = Debug|Any CPU
		{4FB170CB-0258-456D-ADBD-491242251D5D}.Debug|Any CPU.Build.0 = Debug|Any CPU
		{4FB170CB-0258-456D-ADBD-491242251D5D}.Release|Any CPU.ActiveCfg = Release|Any CPU
		{4FB170CB-0258-456D-ADBD-491242251D5D}.Release|Any CPU.Build.0 = Release|Any CPU
	EndGlobalSection
	GlobalSection(SolutionProperties) = preSolution
		HideSolutionNode = FALSE
	EndGlobalSection
	GlobalSection(ExtensibilityGlobals) = postSolution
		SolutionGuid = {6A11F119-7B28-4ED8-80A4-6CD8DF709610}
	EndGlobalSection
EndGlobal
