
Microsoft Visual Studio Solution File, Format Version 12.00
# Visual Studio Version 17
VisualStudioVersion = 17.9.34728.123
MinimumVisualStudioVersion = 10.0.40219.1
Project("{FAE04EC0-301F-11D3-BF4B-00C04F79EFBC}") = "my1", "my1\my1.csproj", "{771F9508-0060-4F63-A0A3-73433B59D6B6}"
EndProject
Global
	GlobalSection(SolutionConfigurationPlatforms) = preSolution
		Debug|Any CPU = Debug|Any CPU
		Release|Any CPU = Release|Any CPU
	EndGlobalSection
	GlobalSection(ProjectConfigurationPlatforms) = postSolution
		{771F9508-0060-4F63-A0A3-73433B59D6B6}.Debug|Any CPU.ActiveCfg = Debug|Any CPU
		{771F9508-0060-4F63-A0A3-73433B59D6B6}.Debug|Any CPU.Build.0 = Debug|Any CPU
		{771F9508-0060-4F63-A0A3-73433B59D6B6}.Release|Any CPU.ActiveCfg = Release|Any CPU
		{771F9508-0060-4F63-A0A3-73433B59D6B6}.Release|Any CPU.Build.0 = Release|Any CPU
	EndGlobalSection
	GlobalSection(SolutionProperties) = preSolution
		HideSolutionNode = FALSE
	EndGlobalSection
	GlobalSection(ExtensibilityGlobals) = postSolution
		SolutionGuid = {E47587F0-26CB-4085-96A3-BA254E713EC8}
	EndGlobalSection
EndGlobal
