
Microsoft Visual Studio Solution File, Format Version 12.00
# Visual Studio Version 17
VisualStudioVersion = 17.9.34728.123
MinimumVisualStudioVersion = 10.0.40219.1
Project("{FAE04EC0-301F-11D3-BF4B-00C04F79EFBC}") = "ConsoleApp6", "ConsoleApp6\ConsoleApp6.csproj", "{92E43960-8B33-4BE0-BB5D-6F821D7C793F}"
EndProject
Global
	GlobalSection(SolutionConfigurationPlatforms) = preSolution
		Debug|Any CPU = Debug|Any CPU
		Release|Any CPU = Release|Any CPU
	EndGlobalSection
	GlobalSection(ProjectConfigurationPlatforms) = postSolution
		{92E43960-8B33-4BE0-BB5D-6F821D7C793F}.Debug|Any CPU.ActiveCfg = Debug|Any CPU
		{92E43960-8B33-4BE0-BB5D-6F821D7C793F}.Debug|Any CPU.Build.0 = Debug|Any CPU
		{92E43960-8B33-4BE0-BB5D-6F821D7C793F}.Release|Any CPU.ActiveCfg = Release|Any CPU
		{92E43960-8B33-4BE0-BB5D-6F821D7C793F}.Release|Any CPU.Build.0 = Release|Any CPU
	EndGlobalSection
	GlobalSection(SolutionProperties) = preSolution
		HideSolutionNode = FALSE
	EndGlobalSection
	GlobalSection(ExtensibilityGlobals) = postSolution
		SolutionGuid = {6A58338A-2A3C-4CC5-9A15-3CBE9656C121}
	EndGlobalSection
EndGlobal
