
Microsoft Visual Studio Solution File, Format Version 12.00
# Visual Studio Version 17
VisualStudioVersion = 17.9.34728.123
MinimumVisualStudioVersion = 10.0.40219.1
Project("{FAE04EC0-301F-11D3-BF4B-00C04F79EFBC}") = "WpfApp1", "WpfApp1\WpfApp1.csproj", "{D7227A84-DE99-4032-BE1B-3C23EBE8A6A7}"
EndProject
Global
	GlobalSection(SolutionConfigurationPlatforms) = preSolution
		Debug|Any CPU = Debug|Any CPU
		Release|Any CPU = Release|Any CPU
	EndGlobalSection
	GlobalSection(ProjectConfigurationPlatforms) = postSolution
		{D7227A84-DE99-4032-BE1B-3C23EBE8A6A7}.Debug|Any CPU.ActiveCfg = Debug|Any CPU
		{D7227A84-DE99-4032-BE1B-3C23EBE8A6A7}.Debug|Any CPU.Build.0 = Debug|Any CPU
		{D7227A84-DE99-4032-BE1B-3C23EBE8A6A7}.Release|Any CPU.ActiveCfg = Release|Any CPU
		{D7227A84-DE99-4032-BE1B-3C23EBE8A6A7}.Release|Any CPU.Build.0 = Release|Any CPU
	EndGlobalSection
	GlobalSection(SolutionProperties) = preSolution
		HideSolutionNode = FALSE
	EndGlobalSection
	GlobalSection(ExtensibilityGlobals) = postSolution
		SolutionGuid = {B6DDD2CF-4F4E-4398-8875-7847E94ED9F1}
	EndGlobalSection
EndGlobal
