
Microsoft Visual Studio Solution File, Format Version 12.00
# Visual Studio Version 17
VisualStudioVersion = 17.9.34728.123
MinimumVisualStudioVersion = 10.0.40219.1
Project("{FAE04EC0-301F-11D3-BF4B-00C04F79EFBC}") = "hostel", "hostel\hostel.csproj", "{102013C8-2D04-49DE-9FB5-04F19CED0E6B}"
EndProject
Global
	GlobalSection(SolutionConfigurationPlatforms) = preSolution
		Debug|Any CPU = Debug|Any CPU
		Release|Any CPU = Release|Any CPU
	EndGlobalSection
	GlobalSection(ProjectConfigurationPlatforms) = postSolution
		{102013C8-2D04-49DE-9FB5-04F19CED0E6B}.Debug|Any CPU.ActiveCfg = Debug|Any CPU
		{102013C8-2D04-49DE-9FB5-04F19CED0E6B}.Debug|Any CPU.Build.0 = Debug|Any CPU
		{102013C8-2D04-49DE-9FB5-04F19CED0E6B}.Release|Any CPU.ActiveCfg = Release|Any CPU
		{102013C8-2D04-49DE-9FB5-04F19CED0E6B}.Release|Any CPU.Build.0 = Release|Any CPU
	EndGlobalSection
	GlobalSection(SolutionProperties) = preSolution
		HideSolutionNode = FALSE
	EndGlobalSection
	GlobalSection(ExtensibilityGlobals) = postSolution
		SolutionGuid = {569C8382-1388-488E-9B7C-0190F97583F6}
	EndGlobalSection
EndGlobal
